
Microsoft Visual Studio Solution File, Format Version 12.00
# Visual Studio Version 17
VisualStudioVersion = 17.2.32526.322
MinimumVisualStudioVersion = 10.0.40219.1
Project("{FAE04EC0-301F-11D3-BF4B-00C04F79EFBC}") = "Kata3", "Kata3.csproj", "{650E3407-BC3C-4005-B9DC-C6DDD36FC8BE}"
EndProject
Global
	GlobalSection(SolutionConfigurationPlatforms) = preSolution
		Debug|Any CPU = Debug|Any CPU
		Release|Any CPU = Release|Any CPU
	EndGlobalSection
	GlobalSection(ProjectConfigurationPlatforms) = postSolution
		{650E3407-BC3C-4005-B9DC-C6DDD36FC8BE}.Debug|Any CPU.ActiveCfg = Debug|Any CPU
		{650E3407-BC3C-4005-B9DC-C6DDD36FC8BE}.Debug|Any CPU.Build.0 = Debug|Any CPU
		{650E3407-BC3C-4005-B9DC-C6DDD36FC8BE}.Release|Any CPU.ActiveCfg = Release|Any CPU
		{650E3407-BC3C-4005-B9DC-C6DDD36FC8BE}.Release|Any CPU.Build.0 = Release|Any CPU
	EndGlobalSection
	GlobalSection(SolutionProperties) = preSolution
		HideSolutionNode = FALSE
	EndGlobalSection
	GlobalSection(ExtensibilityGlobals) = postSolution
		SolutionGuid = {903C3B3D-3071-4B70-8D03-10AD5025FED3}
	EndGlobalSection
EndGlobal
